
Microsoft Visual Studio Solution File, Format Version 12.00
# Visual Studio Version 16
VisualStudioVersion = 16.0.30011.22
MinimumVisualStudioVersion = 10.0.40219.1
Project("{FAE04EC0-301F-11D3-BF4B-00C04F79EFBC}") = "HomeWorkClass8", "ConsoleApp1\HomeWorkClass8.csproj", "{9B9057E1-8934-438E-87C3-55AD7C89B9D5}"
EndProject
Project("{FAE04EC0-301F-11D3-BF4B-00C04F79EFBC}") = "Domain", "Domain\Domain.csproj", "{0A22C8C7-F2AD-4011-84D2-2F4B6CF6FFAA}"
EndProject
Project("{FAE04EC0-301F-11D3-BF4B-00C04F79EFBC}") = "Services", "Services\Services.csproj", "{5AABA573-D3D7-4945-8FE4-6331C87788F3}"
EndProject
Global
	GlobalSection(SolutionConfigurationPlatforms) = preSolution
		Debug|Any CPU = Debug|Any CPU
		Release|Any CPU = Release|Any CPU
	EndGlobalSection
	GlobalSection(ProjectConfigurationPlatforms) = postSolution
		{9B9057E1-8934-438E-87C3-55AD7C89B9D5}.Debug|Any CPU.ActiveCfg = Debug|Any CPU
		{9B9057E1-8934-438E-87C3-55AD7C89B9D5}.Debug|Any CPU.Build.0 = Debug|Any CPU
		{9B9057E1-8934-438E-87C3-55AD7C89B9D5}.Release|Any CPU.ActiveCfg = Release|Any CPU
		{9B9057E1-8934-438E-87C3-55AD7C89B9D5}.Release|Any CPU.Build.0 = Release|Any CPU
		{0A22C8C7-F2AD-4011-84D2-2F4B6CF6FFAA}.Debug|Any CPU.ActiveCfg = Debug|Any CPU
		{0A22C8C7-F2AD-4011-84D2-2F4B6CF6FFAA}.Debug|Any CPU.Build.0 = Debug|Any CPU
		{0A22C8C7-F2AD-4011-84D2-2F4B6CF6FFAA}.Release|Any CPU.ActiveCfg = Release|Any CPU
		{0A22C8C7-F2AD-4011-84D2-2F4B6CF6FFAA}.Release|Any CPU.Build.0 = Release|Any CPU
		{5AABA573-D3D7-4945-8FE4-6331C87788F3}.Debug|Any CPU.ActiveCfg = Debug|Any CPU
		{5AABA573-D3D7-4945-8FE4-6331C87788F3}.Debug|Any CPU.Build.0 = Debug|Any CPU
		{5AABA573-D3D7-4945-8FE4-6331C87788F3}.Release|Any CPU.ActiveCfg = Release|Any CPU
		{5AABA573-D3D7-4945-8FE4-6331C87788F3}.Release|Any CPU.Build.0 = Release|Any CPU
	EndGlobalSection
	GlobalSection(SolutionProperties) = preSolution
		HideSolutionNode = FALSE
	EndGlobalSection
	GlobalSection(ExtensibilityGlobals) = postSolution
		SolutionGuid = {B4D4057D-7DFD-40BB-B76D-655B481DCAF1}
	EndGlobalSection
EndGlobal
