
Microsoft Visual Studio Solution File, Format Version 12.00
# Visual Studio Version 16
VisualStudioVersion = 16.0.30104.148
MinimumVisualStudioVersion = 10.0.40219.1
Project("{9A19103F-16F7-4668-BE54-9A1E7A4F7556}") = "CinemaApp", "CinemaApp\CinemaApp.csproj", "{7773963E-5507-4149-92CC-AA912E21BC74}"
EndProject
Project("{9A19103F-16F7-4668-BE54-9A1E7A4F7556}") = "Domain", "Domain\Domain.csproj", "{676044D1-E93E-44DE-8A61-5336085692BA}"
EndProject
Project("{9A19103F-16F7-4668-BE54-9A1E7A4F7556}") = "Services", "Services\Services.csproj", "{B888814F-4C91-4DBC-AB62-78B71EBEA65A}"
EndProject
Global
	GlobalSection(SolutionConfigurationPlatforms) = preSolution
		Debug|Any CPU = Debug|Any CPU
		Release|Any CPU = Release|Any CPU
	EndGlobalSection
	GlobalSection(ProjectConfigurationPlatforms) = postSolution
		{7773963E-5507-4149-92CC-AA912E21BC74}.Debug|Any CPU.ActiveCfg = Debug|Any CPU
		{7773963E-5507-4149-92CC-AA912E21BC74}.Debug|Any CPU.Build.0 = Debug|Any CPU
		{7773963E-5507-4149-92CC-AA912E21BC74}.Release|Any CPU.ActiveCfg = Release|Any CPU
		{7773963E-5507-4149-92CC-AA912E21BC74}.Release|Any CPU.Build.0 = Release|Any CPU
		{676044D1-E93E-44DE-8A61-5336085692BA}.Debug|Any CPU.ActiveCfg = Debug|Any CPU
		{676044D1-E93E-44DE-8A61-5336085692BA}.Debug|Any CPU.Build.0 = Debug|Any CPU
		{676044D1-E93E-44DE-8A61-5336085692BA}.Release|Any CPU.ActiveCfg = Release|Any CPU
		{676044D1-E93E-44DE-8A61-5336085692BA}.Release|Any CPU.Build.0 = Release|Any CPU
		{B888814F-4C91-4DBC-AB62-78B71EBEA65A}.Debug|Any CPU.ActiveCfg = Debug|Any CPU
		{B888814F-4C91-4DBC-AB62-78B71EBEA65A}.Debug|Any CPU.Build.0 = Debug|Any CPU
		{B888814F-4C91-4DBC-AB62-78B71EBEA65A}.Release|Any CPU.ActiveCfg = Release|Any CPU
		{B888814F-4C91-4DBC-AB62-78B71EBEA65A}.Release|Any CPU.Build.0 = Release|Any CPU
	EndGlobalSection
	GlobalSection(SolutionProperties) = preSolution
		HideSolutionNode = FALSE
	EndGlobalSection
	GlobalSection(ExtensibilityGlobals) = postSolution
		SolutionGuid = {BFAF9A5D-8572-4B6A-96C5-93640374477E}
	EndGlobalSection
EndGlobal
